// !$*UTF8*$!
{
	archiveVersion = 1;
	classes = {
	};
	objectVersion = 50;
	objects = {

/* Begin PBXBuildFile section */
		B339C9D0240965080095CE9B /* AppDelegate.swift in Sources */ = {isa = PBXBuildFile; fileRef = B339C9CF240965080095CE9B /* AppDelegate.swift */; };
		B339C9D2240965080095CE9B /* SceneDelegate.swift in Sources */ = {isa = PBXBuildFile; fileRef = B339C9D1240965080095CE9B /* SceneDelegate.swift */; };
		B339C9D4240965080095CE9B /* ContentView.swift in Sources */ = {isa = PBXBuildFile; fileRef = B339C9D3240965080095CE9B /* ContentView.swift */; };
		B339C9D62409650D0095CE9B /* Assets.xcassets in Resources */ = {isa = PBXBuildFile; fileRef = B339C9D52409650D0095CE9B /* Assets.xcassets */; };
		B339C9D92409650D0095CE9B /* Preview Assets.xcassets in Resources */ = {isa = PBXBuildFile; fileRef = B339C9D82409650D0095CE9B /* Preview Assets.xcassets */; };
		B339C9DC2409650D0095CE9B /* LaunchScreen.storyboard in Resources */ = {isa = PBXBuildFile; fileRef = B339C9DA2409650D0095CE9B /* LaunchScreen.storyboard */; };
		B339C9E72409650D0095CE9B /* Anti_Feminism_AppTests.swift in Sources */ = {isa = PBXBuildFile; fileRef = B339C9E62409650D0095CE9B /* Anti_Feminism_AppTests.swift */; };
		B339C9F22409650D0095CE9B /* Anti_Feminism_AppUITests.swift in Sources */ = {isa = PBXBuildFile; fileRef = B339C9F12409650D0095CE9B /* Anti_Feminism_AppUITests.swift */; };
		B339CA03240969100095CE9B /* LoginView.swift in Sources */ = {isa = PBXBuildFile; fileRef = B339CA02240969100095CE9B /* LoginView.swift */; };
/* End PBXBuildFile section */

/* Begin PBXContainerItemProxy section */
		B339C9E32409650D0095CE9B /* PBXContainerItemProxy */ = {
			isa = PBXContainerItemProxy;
			containerPortal = B339C9C4240965080095CE9B /* Project object */;
			proxyType = 1;
			remoteGlobalIDString = B339C9CB240965080095CE9B;
			remoteInfo = "Anti-Feminism_App";
		};
		B339C9EE2409650D0095CE9B /* PBXContainerItemProxy */ = {
			isa = PBXContainerItemProxy;
			containerPortal = B339C9C4240965080095CE9B /* Project object */;
			proxyType = 1;
			remoteGlobalIDString = B339C9CB240965080095CE9B;
			remoteInfo = "Anti-Feminism_App";
		};
/* End PBXContainerItemProxy section */

/* Begin PBXFileReference section */
		B339C9CC240965080095CE9B /* Anti-Feminism_App.app */ = {isa = PBXFileReference; explicitFileType = wrapper.application; includeInIndex = 0; path = "Anti-Feminism_App.app"; sourceTree = BUILT_PRODUCTS_DIR; };
		B339C9CF240965080095CE9B /* AppDelegate.swift */ = {isa = PBXFileReference; lastKnownFileType = sourcecode.swift; path = AppDelegate.swift; sourceTree = "<group>"; };
		B339C9D1240965080095CE9B /* SceneDelegate.swift */ = {isa = PBXFileReference; lastKnownFileType = sourcecode.swift; path = SceneDelegate.swift; sourceTree = "<group>"; };
		B339C9D3240965080095CE9B /* ContentView.swift */ = {isa = PBXFileReference; lastKnownFileType = sourcecode.swift; path = ContentView.swift; sourceTree = "<group>"; };
		B339C9D52409650D0095CE9B /* Assets.xcassets */ = {isa = PBXFileReference; lastKnownFileType = folder.assetcatalog; path = Assets.xcassets; sourceTree = "<group>"; };
		B339C9D82409650D0095CE9B /* Preview Assets.xcassets */ = {isa = PBXFileReference; lastKnownFileType = folder.assetcatalog; path = "Preview Assets.xcassets"; sourceTree = "<group>"; };
		B339C9DB2409650D0095CE9B /* Base */ = {isa = PBXFileReference; lastKnownFileType = file.storyboard; name = Base; path = Base.lproj/LaunchScreen.storyboard; sourceTree = "<group>"; };
		B339C9DD2409650D0095CE9B /* Info.plist */ = {isa = PBXFileReference; lastKnownFileType = text.plist.xml; path = Info.plist; sourceTree = "<group>"; };
		B339C9E22409650D0095CE9B /* Anti-Feminism_AppTests.xctest */ = {isa = PBXFileReference; explicitFileType = wrapper.cfbundle; includeInIndex = 0; path = "Anti-Feminism_AppTests.xctest"; sourceTree = BUILT_PRODUCTS_DIR; };
		B339C9E62409650D0095CE9B /* Anti_Feminism_AppTests.swift */ = {isa = PBXFileReference; lastKnownFileType = sourcecode.swift; path = Anti_Feminism_AppTests.swift; sourceTree = "<group>"; };
		B339C9E82409650D0095CE9B /* Info.plist */ = {isa = PBXFileReference; lastKnownFileType = text.plist.xml; path = Info.plist; sourceTree = "<group>"; };
		B339C9ED2409650D0095CE9B /* Anti-Feminism_AppUITests.xctest */ = {isa = PBXFileReference; explicitFileType = wrapper.cfbundle; includeInIndex = 0; path = "Anti-Feminism_AppUITests.xctest"; sourceTree = BUILT_PRODUCTS_DIR; };
		B339C9F12409650D0095CE9B /* Anti_Feminism_AppUITests.swift */ = {isa = PBXFileReference; lastKnownFileType = sourcecode.swift; path = Anti_Feminism_AppUITests.swift; sourceTree = "<group>"; };
		B339C9F32409650D0095CE9B /* Info.plist */ = {isa = PBXFileReference; lastKnownFileType = text.plist.xml; path = Info.plist; sourceTree = "<group>"; };
		B339CA02240969100095CE9B /* LoginView.swift */ = {isa = PBXFileReference; lastKnownFileType = sourcecode.swift; path = LoginView.swift; sourceTree = "<group>"; };
/* End PBXFileReference section */

/* Begin PBXFrameworksBuildPhase section */
		B339C9C9240965080095CE9B /* Frameworks */ = {
			isa = PBXFrameworksBuildPhase;
			buildActionMask = 2147483647;
			files = (
			);
			runOnlyForDeploymentPostprocessing = 0;
		};
		B339C9DF2409650D0095CE9B /* Frameworks */ = {
			isa = PBXFrameworksBuildPhase;
			buildActionMask = 2147483647;
			files = (
			);
			runOnlyForDeploymentPostprocessing = 0;
		};
		B339C9EA2409650D0095CE9B /* Frameworks */ = {
			isa = PBXFrameworksBuildPhase;
			buildActionMask = 2147483647;
			files = (
			);
			runOnlyForDeploymentPostprocessing = 0;
		};
/* End PBXFrameworksBuildPhase section */

/* Begin PBXGroup section */
		B339C9C3240965080095CE9B = {
			isa = PBXGroup;
			children = (
				B339C9CE240965080095CE9B /* Anti-Feminism_App */,
				B339C9E52409650D0095CE9B /* Anti-Feminism_AppTests */,
				B339C9F02409650D0095CE9B /* Anti-Feminism_AppUITests */,
				B339C9CD240965080095CE9B /* Products */,
			);
			sourceTree = "<group>";
		};
		B339C9CD240965080095CE9B /* Products */ = {
			isa = PBXGroup;
			children = (
				B339C9CC240965080095CE9B /* Anti-Feminism_App.app */,
				B339C9E22409650D0095CE9B /* Anti-Feminism_AppTests.xctest */,
				B339C9ED2409650D0095CE9B /* Anti-Feminism_AppUITests.xctest */,
			);
			name = Products;
			sourceTree = "<group>";
		};
		B339C9CE240965080095CE9B /* Anti-Feminism_App */ = {
			isa = PBXGroup;
			children = (
				B339CA01240968D20095CE9B /* views */,
				B339CA00240968AF0095CE9B /* models */,
				B339C9CF240965080095CE9B /* AppDelegate.swift */,
				B339C9D1240965080095CE9B /* SceneDelegate.swift */,
				B339C9D3240965080095CE9B /* ContentView.swift */,
				B339C9D52409650D0095CE9B /* Assets.xcassets */,
				B339C9DA2409650D0095CE9B /* LaunchScreen.storyboard */,
				B339C9DD2409650D0095CE9B /* Info.plist */,
				B339C9D72409650D0095CE9B /* Preview Content */,
			);
			path = "Anti-Feminism_App";
			sourceTree = "<group>";
		};
		B339C9D72409650D0095CE9B /* Preview Content */ = {
			isa = PBXGroup;
			children = (
				B339C9D82409650D0095CE9B /* Preview Assets.xcassets */,
			);
			path = "Preview Content";
			sourceTree = "<group>";
		};
		B339C9E52409650D0095CE9B /* Anti-Feminism_AppTests */ = {
			isa = PBXGroup;
			children = (
				B339C9E62409650D0095CE9B /* Anti_Feminism_AppTests.swift */,
				B339C9E82409650D0095CE9B /* Info.plist */,
			);
			path = "Anti-Feminism_AppTests";
			sourceTree = "<group>";
		};
		B339C9F02409650D0095CE9B /* Anti-Feminism_AppUITests */ = {
			isa = PBXGroup;
			children = (
				B339C9F12409650D0095CE9B /* Anti_Feminism_AppUITests.swift */,
				B339C9F32409650D0095CE9B /* Info.plist */,
			);
			path = "Anti-Feminism_AppUITests";
			sourceTree = "<group>";
		};
		B339CA00240968AF0095CE9B /* models */ = {
			isa = PBXGroup;
			children = (
			);
			path = models;
			sourceTree = "<group>";
		};
		B339CA01240968D20095CE9B /* views */ = {
			isa = PBXGroup;
			children = (
				B339CA02240969100095CE9B /* LoginView.swift */,
			);
			path = views;
			sourceTree = "<group>";
		};
/* End PBXGroup section */

/* Begin PBXNativeTarget section */
		B339C9CB240965080095CE9B /* Anti-Feminism_App */ = {
			isa = PBXNativeTarget;
			buildConfigurationList = B339C9F62409650D0095CE9B /* Build configuration list for PBXNativeTarget "Anti-Feminism_App" */;
			buildPhases = (
				B339C9C8240965080095CE9B /* Sources */,
				B339C9C9240965080095CE9B /* Frameworks */,
				B339C9CA240965080095CE9B /* Resources */,
			);
			buildRules = (
			);
			dependencies = (
			);
			name = "Anti-Feminism_App";
			productName = "Anti-Feminism_App";
			productReference = B339C9CC240965080095CE9B /* Anti-Feminism_App.app */;
			productType = "com.apple.product-type.application";
		};
		B339C9E12409650D0095CE9B /* Anti-Feminism_AppTests */ = {
			isa = PBXNativeTarget;
			buildConfigurationList = B339C9F92409650D0095CE9B /* Build configuration list for PBXNativeTarget "Anti-Feminism_AppTests" */;
			buildPhases = (
				B339C9DE2409650D0095CE9B /* Sources */,
				B339C9DF2409650D0095CE9B /* Frameworks */,
				B339C9E02409650D0095CE9B /* Resources */,
			);
			buildRules = (
			);
			dependencies = (
				B339C9E42409650D0095CE9B /* PBXTargetDependency */,
			);
			name = "Anti-Feminism_AppTests";
			productName = "Anti-Feminism_AppTests";
			productReference = B339C9E22409650D0095CE9B /* Anti-Feminism_AppTests.xctest */;
			productType = "com.apple.product-type.bundle.unit-test";
		};
		B339C9EC2409650D0095CE9B /* Anti-Feminism_AppUITests */ = {
			isa = PBXNativeTarget;
			buildConfigurationList = B339C9FC2409650D0095CE9B /* Build configuration list for PBXNativeTarget "Anti-Feminism_AppUITests" */;
			buildPhases = (
				B339C9E92409650D0095CE9B /* Sources */,
				B339C9EA2409650D0095CE9B /* Frameworks */,
				B339C9EB2409650D0095CE9B /* Resources */,
			);
			buildRules = (
			);
			dependencies = (
				B339C9EF2409650D0095CE9B /* PBXTargetDependency */,
			);
			name = "Anti-Feminism_AppUITests";
			productName = "Anti-Feminism_AppUITests";
			productReference = B339C9ED2409650D0095CE9B /* Anti-Feminism_AppUITests.xctest */;
			productType = "com.apple.product-type.bundle.ui-testing";
		};
/* End PBXNativeTarget section */

/* Begin PBXProject section */
		B339C9C4240965080095CE9B /* Project object */ = {
			isa = PBXProject;
			attributes = {
				LastSwiftUpdateCheck = 1130;
				LastUpgradeCheck = 1130;
				ORGANIZATIONNAME = Anthony_Dorian_Emma;
				TargetAttributes = {
					B339C9CB240965080095CE9B = {
						CreatedOnToolsVersion = 11.3.1;
					};
					B339C9E12409650D0095CE9B = {
						CreatedOnToolsVersion = 11.3.1;
						TestTargetID = B339C9CB240965080095CE9B;
					};
					B339C9EC2409650D0095CE9B = {
						CreatedOnToolsVersion = 11.3.1;
						TestTargetID = B339C9CB240965080095CE9B;
					};
				};
			};
			buildConfigurationList = B339C9C7240965080095CE9B /* Build configuration list for PBXProject "Anti-Feminism_App" */;
			compatibilityVersion = "Xcode 9.3";
			developmentRegion = en;
			hasScannedForEncodings = 0;
			knownRegions = (
				en,
				Base,
			);
			mainGroup = B339C9C3240965080095CE9B;
			productRefGroup = B339C9CD240965080095CE9B /* Products */;
			projectDirPath = "";
			projectRoot = "";
			targets = (
				B339C9CB240965080095CE9B /* Anti-Feminism_App */,
				B339C9E12409650D0095CE9B /* Anti-Feminism_AppTests */,
				B339C9EC2409650D0095CE9B /* Anti-Feminism_AppUITests */,
			);
		};
/* End PBXProject section */

/* Begin PBXResourcesBuildPhase section */
		B339C9CA240965080095CE9B /* Resources */ = {
			isa = PBXResourcesBuildPhase;
			buildActionMask = 2147483647;
			files = (
				B339C9DC2409650D0095CE9B /* LaunchScreen.storyboard in Resources */,
				B339C9D92409650D0095CE9B /* Preview Assets.xcassets in Resources */,
				B339C9D62409650D0095CE9B /* Assets.xcassets in Resources */,
			);
			runOnlyForDeploymentPostprocessing = 0;
		};
		B339C9E02409650D0095CE9B /* Resources */ = {
			isa = PBXResourcesBuildPhase;
			buildActionMask = 2147483647;
			files = (
			);
			runOnlyForDeploymentPostprocessing = 0;
		};
		B339C9EB2409650D0095CE9B /* Resources */ = {
			isa = PBXResourcesBuildPhase;
			buildActionMask = 2147483647;
			files = (
			);
			runOnlyForDeploymentPostprocessing = 0;
		};
/* End PBXResourcesBuildPhase section */

/* Begin PBXSourcesBuildPhase section */
		B339C9C8240965080095CE9B /* Sources */ = {
			isa = PBXSourcesBuildPhase;
			buildActionMask = 2147483647;
			files = (
				B339C9D0240965080095CE9B /* AppDelegate.swift in Sources */,
				B339C9D2240965080095CE9B /* SceneDelegate.swift in Sources */,
				B339CA03240969100095CE9B /* LoginView.swift in Sources */,
				B339C9D4240965080095CE9B /* ContentView.swift in Sources */,
			);
			runOnlyForDeploymentPostprocessing = 0;
		};
		B339C9DE2409650D0095CE9B /* Sources */ = {
			isa = PBXSourcesBuildPhase;
			buildActionMask = 2147483647;
			files = (
				B339C9E72409650D0095CE9B /* Anti_Feminism_AppTests.swift in Sources */,
			);
			runOnlyForDeploymentPostprocessing = 0;
		};
		B339C9E92409650D0095CE9B /* Sources */ = {
			isa = PBXSourcesBuildPhase;
			buildActionMask = 2147483647;
			files = (
				B339C9F22409650D0095CE9B /* Anti_Feminism_AppUITests.swift in Sources */,
			);
			runOnlyForDeploymentPostprocessing = 0;
		};
/* End PBXSourcesBuildPhase section */

/* Begin PBXTargetDependency section */
		B339C9E42409650D0095CE9B /* PBXTargetDependency */ = {
			isa = PBXTargetDependency;
			target = B339C9CB240965080095CE9B /* Anti-Feminism_App */;
			targetProxy = B339C9E32409650D0095CE9B /* PBXContainerItemProxy */;
		};
		B339C9EF2409650D0095CE9B /* PBXTargetDependency */ = {
			isa = PBXTargetDependency;
			target = B339C9CB240965080095CE9B /* Anti-Feminism_App */;
			targetProxy = B339C9EE2409650D0095CE9B /* PBXContainerItemProxy */;
		};
/* End PBXTargetDependency section */

/* Begin PBXVariantGroup section */
		B339C9DA2409650D0095CE9B /* LaunchScreen.storyboard */ = {
			isa = PBXVariantGroup;
			children = (
				B339C9DB2409650D0095CE9B /* Base */,
			);
			name = LaunchScreen.storyboard;
			sourceTree = "<group>";
		};
/* End PBXVariantGroup section */

/* Begin XCBuildConfiguration section */
		B339C9F42409650D0095CE9B /* Debug */ = {
			isa = XCBuildConfiguration;
			buildSettings = {
				ALWAYS_SEARCH_USER_PATHS = NO;
				CLANG_ANALYZER_NONNULL = YES;
				CLANG_ANALYZER_NUMBER_OBJECT_CONVERSION = YES_AGGRESSIVE;
				CLANG_CXX_LANGUAGE_STANDARD = "gnu++14";
				CLANG_CXX_LIBRARY = "libc++";
				CLANG_ENABLE_MODULES = YES;
				CLANG_ENABLE_OBJC_ARC = YES;
				CLANG_ENABLE_OBJC_WEAK = YES;
				CLANG_WARN_BLOCK_CAPTURE_AUTORELEASING = YES;
				CLANG_WARN_BOOL_CONVERSION = YES;
				CLANG_WARN_COMMA = YES;
				CLANG_WARN_CONSTANT_CONVERSION = YES;
				CLANG_WARN_DEPRECATED_OBJC_IMPLEMENTATIONS = YES;
				CLANG_WARN_DIRECT_OBJC_ISA_USAGE = YES_ERROR;
				CLANG_WARN_DOCUMENTATION_COMMENTS = YES;
				CLANG_WARN_EMPTY_BODY = YES;
				CLANG_WARN_ENUM_CONVERSION = YES;
				CLANG_WARN_INFINITE_RECURSION = YES;
				CLANG_WARN_INT_CONVERSION = YES;
				CLANG_WARN_NON_LITERAL_NULL_CONVERSION = YES;
				CLANG_WARN_OBJC_IMPLICIT_RETAIN_SELF = YES;
				CLANG_WARN_OBJC_LITERAL_CONVERSION = YES;
				CLANG_WARN_OBJC_ROOT_CLASS = YES_ERROR;
				CLANG_WARN_RANGE_LOOP_ANALYSIS = YES;
				CLANG_WARN_STRICT_PROTOTYPES = YES;
				CLANG_WARN_SUSPICIOUS_MOVE = YES;
				CLANG_WARN_UNGUARDED_AVAILABILITY = YES_AGGRESSIVE;
				CLANG_WARN_UNREACHABLE_CODE = YES;
				CLANG_WARN__DUPLICATE_METHOD_MATCH = YES;
				COPY_PHASE_STRIP = NO;
				DEBUG_INFORMATION_FORMAT = dwarf;
				ENABLE_STRICT_OBJC_MSGSEND = YES;
				ENABLE_TESTABILITY = YES;
				GCC_C_LANGUAGE_STANDARD = gnu11;
				GCC_DYNAMIC_NO_PIC = NO;
				GCC_NO_COMMON_BLOCKS = YES;
				GCC_OPTIMIZATION_LEVEL = 0;
				GCC_PREPROCESSOR_DEFINITIONS = (
					"DEBUG=1",
					"$(inherited)",
				);
				GCC_WARN_64_TO_32_BIT_CONVERSION = YES;
				GCC_WARN_ABOUT_RETURN_TYPE = YES_ERROR;
				GCC_WARN_UNDECLARED_SELECTOR = YES;
				GCC_WARN_UNINITIALIZED_AUTOS = YES_AGGRESSIVE;
				GCC_WARN_UNUSED_FUNCTION = YES;
				GCC_WARN_UNUSED_VARIABLE = YES;
				IPHONEOS_DEPLOYMENT_TARGET = 13.2;
				MTL_ENABLE_DEBUG_INFO = INCLUDE_SOURCE;
				MTL_FAST_MATH = YES;
				ONLY_ACTIVE_ARCH = YES;
				SDKROOT = iphoneos;
				SWIFT_ACTIVE_COMPILATION_CONDITIONS = DEBUG;
				SWIFT_OPTIMIZATION_LEVEL = "-Onone";
			};
			name = Debug;
		};
		B339C9F52409650D0095CE9B /* Release */ = {
			isa = XCBuildConfiguration;
			buildSettings = {
				ALWAYS_SEARCH_USER_PATHS = NO;
				CLANG_ANALYZER_NONNULL = YES;
				CLANG_ANALYZER_NUMBER_OBJECT_CONVERSION = YES_AGGRESSIVE;
				CLANG_CXX_LANGUAGE_STANDARD = "gnu++14";
				CLANG_CXX_LIBRARY = "libc++";
				CLANG_ENABLE_MODULES = YES;
				CLANG_ENABLE_OBJC_ARC = YES;
				CLANG_ENABLE_OBJC_WEAK = YES;
				CLANG_WARN_BLOCK_CAPTURE_AUTORELEASING = YES;
				CLANG_WARN_BOOL_CONVERSION = YES;
				CLANG_WARN_COMMA = YES;
				CLANG_WARN_CONSTANT_CONVERSION = YES;
				CLANG_WARN_DEPRECATED_OBJC_IMPLEMENTATIONS = YES;
				CLANG_WARN_DIRECT_OBJC_ISA_USAGE = YES_ERROR;
				CLANG_WARN_DOCUMENTATION_COMMENTS = YES;
				CLANG_WARN_EMPTY_BODY = YES;
				CLANG_WARN_ENUM_CONVERSION = YES;
				CLANG_WARN_INFINITE_RECURSION = YES;
				CLANG_WARN_INT_CONVERSION = YES;
				CLANG_WARN_NON_LITERAL_NULL_CONVERSION = YES;
				CLANG_WARN_OBJC_IMPLICIT_RETAIN_SELF = YES;
				CLANG_WARN_OBJC_LITERAL_CONVERSION = YES;
				CLANG_WARN_OBJC_ROOT_CLASS = YES_ERROR;
				CLANG_WARN_RANGE_LOOP_ANALYSIS = YES;
				CLANG_WARN_STRICT_PROTOTYPES = YES;
				CLANG_WARN_SUSPICIOUS_MOVE = YES;
				CLANG_WARN_UNGUARDED_AVAILABILITY = YES_AGGRESSIVE;
				CLANG_WARN_UNREACHABLE_CODE = YES;
				CLANG_WARN__DUPLICATE_METHOD_MATCH = YES;
				COPY_PHASE_STRIP = NO;
				DEBUG_INFORMATION_FORMAT = "dwarf-with-dsym";
				ENABLE_NS_ASSERTIONS = NO;
				ENABLE_STRICT_OBJC_MSGSEND = YES;
				GCC_C_LANGUAGE_STANDARD = gnu11;
				GCC_NO_COMMON_BLOCKS = YES;
				GCC_WARN_64_TO_32_BIT_CONVERSION = YES;
				GCC_WARN_ABOUT_RETURN_TYPE = YES_ERROR;
				GCC_WARN_UNDECLARED_SELECTOR = YES;
				GCC_WARN_UNINITIALIZED_AUTOS = YES_AGGRESSIVE;
				GCC_WARN_UNUSED_FUNCTION = YES;
				GCC_WARN_UNUSED_VARIABLE = YES;
				IPHONEOS_DEPLOYMENT_TARGET = 13.2;
				MTL_ENABLE_DEBUG_INFO = NO;
				MTL_FAST_MATH = YES;
				SDKROOT = iphoneos;
				SWIFT_COMPILATION_MODE = wholemodule;
				SWIFT_OPTIMIZATION_LEVEL = "-O";
				VALIDATE_PRODUCT = YES;
			};
			name = Release;
		};
		B339C9F72409650D0095CE9B /* Debug */ = {
			isa = XCBuildConfiguration;
			buildSettings = {
				ASSETCATALOG_COMPILER_APPICON_NAME = AppIcon;
				CODE_SIGN_STYLE = Automatic;
				DEVELOPMENT_ASSET_PATHS = "\"Anti-Feminism_App/Preview Content\"";
				ENABLE_PREVIEWS = YES;
				INFOPLIST_FILE = "Anti-Feminism_App/Info.plist";
				LD_RUNPATH_SEARCH_PATHS = (
					"$(inherited)",
					"@executable_path/Frameworks",
				);
				PRODUCT_BUNDLE_IDENTIFIER = "Polytech.Anti-Feminism-App";
				PRODUCT_NAME = "$(TARGET_NAME)";
				SWIFT_VERSION = 5.0;
				TARGETED_DEVICE_FAMILY = "1,2";
			};
			name = Debug;
		};
		B339C9F82409650D0095CE9B /* Release */ = {
			isa = XCBuildConfiguration;
			buildSettings = {
				ASSETCATALOG_COMPILER_APPICON_NAME = AppIcon;
				CODE_SIGN_STYLE = Automatic;
				DEVELOPMENT_ASSET_PATHS = "\"Anti-Feminism_App/Preview Content\"";
				ENABLE_PREVIEWS = YES;
				INFOPLIST_FILE = "Anti-Feminism_App/Info.plist";
				LD_RUNPATH_SEARCH_PATHS = (
					"$(inherited)",
					"@executable_path/Frameworks",
				);
				PRODUCT_BUNDLE_IDENTIFIER = "Polytech.Anti-Feminism-App";
				PRODUCT_NAME = "$(TARGET_NAME)";
				SWIFT_VERSION = 5.0;
				TARGETED_DEVICE_FAMILY = "1,2";
			};
			name = Release;
		};
		B339C9FA2409650D0095CE9B /* Debug */ = {
			isa = XCBuildConfiguration;
			buildSettings = {
				ALWAYS_EMBED_SWIFT_STANDARD_LIBRARIES = YES;
				BUNDLE_LOADER = "$(TEST_HOST)";
				CODE_SIGN_STYLE = Automatic;
				INFOPLIST_FILE = "Anti-Feminism_AppTests/Info.plist";
				IPHONEOS_DEPLOYMENT_TARGET = 13.2;
				LD_RUNPATH_SEARCH_PATHS = (
					"$(inherited)",
					"@executable_path/Frameworks",
					"@loader_path/Frameworks",
				);
				PRODUCT_BUNDLE_IDENTIFIER = "Polytech.Anti-Feminism-AppTests";
				PRODUCT_NAME = "$(TARGET_NAME)";
				SWIFT_VERSION = 5.0;
				TARGETED_DEVICE_FAMILY = "1,2";
				TEST_HOST = "$(BUILT_PRODUCTS_DIR)/Anti-Feminism_App.app/Anti-Feminism_App";
			};
			name = Debug;
		};
		B339C9FB2409650D0095CE9B /* Release */ = {
			isa = XCBuildConfiguration;
			buildSettings = {
				ALWAYS_EMBED_SWIFT_STANDARD_LIBRARIES = YES;
				BUNDLE_LOADER = "$(TEST_HOST)";
				CODE_SIGN_STYLE = Automatic;
				INFOPLIST_FILE = "Anti-Feminism_AppTests/Info.plist";
				IPHONEOS_DEPLOYMENT_TARGET = 13.2;
				LD_RUNPATH_SEARCH_PATHS = (
					"$(inherited)",
					"@executable_path/Frameworks",
					"@loader_path/Frameworks",
				);
				PRODUCT_BUNDLE_IDENTIFIER = "Polytech.Anti-Feminism-AppTests";
				PRODUCT_NAME = "$(TARGET_NAME)";
				SWIFT_VERSION = 5.0;
				TARGETED_DEVICE_FAMILY = "1,2";
				TEST_HOST = "$(BUILT_PRODUCTS_DIR)/Anti-Feminism_App.app/Anti-Feminism_App";
			};
			name = Release;
		};
		B339C9FD2409650D0095CE9B /* Debug */ = {
			isa = XCBuildConfiguration;
			buildSettings = {
				ALWAYS_EMBED_SWIFT_STANDARD_LIBRARIES = YES;
				CODE_SIGN_STYLE = Automatic;
				INFOPLIST_FILE = "Anti-Feminism_AppUITests/Info.plist";
				LD_RUNPATH_SEARCH_PATHS = (
					"$(inherited)",
					"@executable_path/Frameworks",
					"@loader_path/Frameworks",
				);
				PRODUCT_BUNDLE_IDENTIFIER = "Polytech.Anti-Feminism-AppUITests";
				PRODUCT_NAME = "$(TARGET_NAME)";
				SWIFT_VERSION = 5.0;
				TARGETED_DEVICE_FAMILY = "1,2";
				TEST_TARGET_NAME = "Anti-Feminism_App";
			};
			name = Debug;
		};
		B339C9FE2409650D0095CE9B /* Release */ = {
			isa = XCBuildConfiguration;
			buildSettings = {
				ALWAYS_EMBED_SWIFT_STANDARD_LIBRARIES = YES;
				CODE_SIGN_STYLE = Automatic;
				INFOPLIST_FILE = "Anti-Feminism_AppUITests/Info.plist";
				LD_RUNPATH_SEARCH_PATHS = (
					"$(inherited)",
					"@executable_path/Frameworks",
					"@loader_path/Frameworks",
				);
				PRODUCT_BUNDLE_IDENTIFIER = "Polytech.Anti-Feminism-AppUITests";
				PRODUCT_NAME = "$(TARGET_NAME)";
				SWIFT_VERSION = 5.0;
				TARGETED_DEVICE_FAMILY = "1,2";
				TEST_TARGET_NAME = "Anti-Feminism_App";
			};
			name = Release;
		};
/* End XCBuildConfiguration section */

/* Begin XCConfigurationList section */
		B339C9C7240965080095CE9B /* Build configuration list for PBXProject "Anti-Feminism_App" */ = {
			isa = XCConfigurationList;
			buildConfigurations = (
				B339C9F42409650D0095CE9B /* Debug */,
				B339C9F52409650D0095CE9B /* Release */,
			);
			defaultConfigurationIsVisible = 0;
			defaultConfigurationName = Release;
		};
		B339C9F62409650D0095CE9B /* Build configuration list for PBXNativeTarget "Anti-Feminism_App" */ = {
			isa = XCConfigurationList;
			buildConfigurations = (
				B339C9F72409650D0095CE9B /* Debug */,
				B339C9F82409650D0095CE9B /* Release */,
			);
			defaultConfigurationIsVisible = 0;
			defaultConfigurationName = Release;
		};
		B339C9F92409650D0095CE9B /* Build configuration list for PBXNativeTarget "Anti-Feminism_AppTests" */ = {
			isa = XCConfigurationList;
			buildConfigurations = (
				B339C9FA2409650D0095CE9B /* Debug */,
				B339C9FB2409650D0095CE9B /* Release */,
			);
			defaultConfigurationIsVisible = 0;
			defaultConfigurationName = Release;
		};
		B339C9FC2409650D0095CE9B /* Build configuration list for PBXNativeTarget "Anti-Feminism_AppUITests" */ = {
			isa = XCConfigurationList;
			buildConfigurations = (
				B339C9FD2409650D0095CE9B /* Debug */,
				B339C9FE2409650D0095CE9B /* Release */,
			);
			defaultConfigurationIsVisible = 0;
			defaultConfigurationName = Release;
		};
/* End XCConfigurationList section */
	};
	rootObject = B339C9C4240965080095CE9B /* Project object */;
}
